<?xml version="1.0" encoding="utf-8"?>
<Project ToolsVersion="4.0" xmlns="http://schemas.microsoft.com/developer/msbuild/2003">
  <ItemGroup>
    <Filter Include="Source Files">
      <UniqueIdentifier>{f3c4f420-cc2b-4421-b18c-3bd254f12b51}</UniqueIdentifier>
      <Extensions>cpp;c;cxx;rc;def;r;odl;idl;hpj;bat</Extensions>
    </Filter>
    <Filter Include="Header Files">
      <UniqueIdentifier>{bfb6eb1d-3acd-4bb5-b60f-9f7aea690854}</UniqueIdentifier>
      <Extensions>h;hpp;hxx;hm;inl</Extensions>
    </Filter>
    <Filter Include="Resource Files">
      <UniqueIdentifier>{3f98e679-c9c4-4288-95e1-27db22797aee}</UniqueIdentifier>
      <Extensions>ico;cur;bmp;dlg;rc2;rct;bin;rgs;gif;jpg;jpeg;jpe</Extensions>
    </Filter>
    <Filter Include="Library Files">
      <UniqueIdentifier>{62d1ce01-7dc7-4da3-a7cf-194eea572bb1}</UniqueIdentifier>
    </Filter>
  </ItemGroup>
  <ItemGroup>
    <ClInclude Include="goldsrc_bspfile.h">
      <Filter>Source Files</Filter>
    </ClInclude>
    <ClInclude Include="goldsrc_standin.h">
      <Filter>Source Files</Filter>
    </ClInclude>
    <ClInclude Include="lbmlib.h">
      <Filter>Source Files</Filter>
    </ClInclude>
    <ClInclude Include="wadlib.h">
      <Filter>Source Files</Filter>
    </ClInclude>
  </ItemGroup>
  <ItemGroup>
    <ClCompile Include="goldsrc_standin.cpp">
      <Filter>Source Files</Filter>
    </ClCompile>
    <ClCompile Include="lbmlib.cpp">
      <Filter>Source Files</Filter>
    </ClCompile>
    <ClCompile Include="wadlib.cpp">
      <Filter>Source Files</Filter>
    </ClCompile>
    <ClCompile Include="xwad.cpp">
      <Filter>Source Files</Filter>
    </ClCompile>
  </ItemGroup>
  <ItemGroup>
    <Library Include="image-resampler\Bin\Imagine.lib">
      <Filter>Library Files</Filter>
    </Library>
  </ItemGroup>
</Project>