
Microsoft Visual Studio Solution File, Format Version 12.00
# Visual Studio 15
VisualStudioVersion = 15.0.28307.539
MinimumVisualStudioVersion = 10.0.40219.1
Project("{8BC9CEB8-8B4A-11D0-8D11-00A0C91BC942}") = "xwad", "xwad.vcxproj", "{B850012C-98A2-42F7-B023-9F65C448D938}"
	ProjectSection(ProjectDependencies) = postProject
		{4CCD5434-3038-418C-868B-F432E0A7FB8D} = {4CCD5434-3038-418C-868B-F432E0A7FB8D}
	EndProjectSection
EndProject
Project("{8BC9CEB8-8B4A-11D0-8D11-00A0C91BC942}") = "Imagine", "image-resampler\Build\Imagine.vcxproj", "{4CCD5434-3038-418C-868B-F432E0A7FB8D}"
EndProject
Global
	GlobalSection(SolutionConfigurationPlatforms) = preSolution
		Debug|x86 = Debug|x86
		Release|x86 = Release|x86
	EndGlobalSection
	GlobalSection(ProjectConfigurationPlatforms) = postSolution
		{B850012C-98A2-42F7-B023-9F65C448D938}.Debug|x86.ActiveCfg = Debug|Win32
		{B850012C-98A2-42F7-B023-9F65C448D938}.Debug|x86.Build.0 = Debug|Win32
		{B850012C-98A2-42F7-B023-9F65C448D938}.Release|x86.ActiveCfg = Release|Win32
		{B850012C-98A2-42F7-B023-9F65C448D938}.Release|x86.Build.0 = Release|Win32
		{4CCD5434-3038-418C-868B-F432E0A7FB8D}.Debug|x86.ActiveCfg = Debug|Win32
		{4CCD5434-3038-418C-868B-F432E0A7FB8D}.Debug|x86.Build.0 = Debug|Win32
		{4CCD5434-3038-418C-868B-F432E0A7FB8D}.Release|x86.ActiveCfg = Release|Win32
		{4CCD5434-3038-418C-868B-F432E0A7FB8D}.Release|x86.Build.0 = Release|Win32
	EndGlobalSection
	GlobalSection(SolutionProperties) = preSolution
		HideSolutionNode = FALSE
	EndGlobalSection
	GlobalSection(ExtensibilityGlobals) = postSolution
		SolutionGuid = {6E770C88-59A1-4D7E-909D-B8BE7AAB5747}
	EndGlobalSection
EndGlobal
